
Microsoft Visual Studio Solution File, Format Version 12.00
# Visual Studio Version 16
VisualStudioVersion = 16.0.31624.102
MinimumVisualStudioVersion = 10.0.40219.1
Project("{FAE04EC0-301F-11D3-BF4B-00C04F79EFBC}") = "BlogLab.Web", "BlogLab.Web\BlogLab.Web.csproj", "{0C401EF7-CF95-41A8-A7BB-19EDA90E6721}"
EndProject
Global
	GlobalSection(SolutionConfigurationPlatforms) = preSolution
		Debug|Any CPU = Debug|Any CPU
		Release|Any CPU = Release|Any CPU
	EndGlobalSection
	GlobalSection(ProjectConfigurationPlatforms) = postSolution
		{0C401EF7-CF95-41A8-A7BB-19EDA90E6721}.Debug|Any CPU.ActiveCfg = Debug|Any CPU
		{0C401EF7-CF95-41A8-A7BB-19EDA90E6721}.Debug|Any CPU.Build.0 = Debug|Any CPU
		{0C401EF7-CF95-41A8-A7BB-19EDA90E6721}.Release|Any CPU.ActiveCfg = Release|Any CPU
		{0C401EF7-CF95-41A8-A7BB-19EDA90E6721}.Release|Any CPU.Build.0 = Release|Any CPU
	EndGlobalSection
	GlobalSection(SolutionProperties) = preSolution
		HideSolutionNode = FALSE
	EndGlobalSection
	GlobalSection(ExtensibilityGlobals) = postSolution
		SolutionGuid = {A62FBAB3-4176-4722-BE76-C32D998F7C02}
	EndGlobalSection
EndGlobal
